<?xml version="1.0" encoding="utf-8"?>
<Project ToolsVersion="4.0" xmlns="http://schemas.microsoft.com/developer/msbuild/2003">
  <ItemGroup>
    <Filter Include="源文件">
      <UniqueIdentifier>{4FC737F1-C7A5-4376-A066-2A32D752A2FF}</UniqueIdentifier>
      <Extensions>cpp;c;cc;cxx;c++;cppm;ixx;def;odl;idl;hpj;bat;asm;asmx</Extensions>
    </Filter>
    <Filter Include="头文件">
      <UniqueIdentifier>{93995380-89BD-4b04-88EB-625FBE52EBFB}</UniqueIdentifier>
      <Extensions>h;hh;hpp;hxx;h++;hm;inl;inc;ipp;xsd</Extensions>
    </Filter>
    <Filter Include="资源文件">
      <UniqueIdentifier>{67DA6AB6-F800-4c08-8B7A-83BB121AAD01}</UniqueIdentifier>
      <Extensions>rc;ico;cur;bmp;dlg;rc2;rct;bin;rgs;gif;jpg;jpeg;jpe;resx;tiff;tif;png;wav;mfcribbon-ms</Extensions>
    </Filter>
    <Filter Include="src">
      <UniqueIdentifier>{7877a644-ce64-4d15-8693-31254c92ac1b}</UniqueIdentifier>
    </Filter>
    <Filter Include="src\Core">
      <UniqueIdentifier>{36522027-0788-4f60-bfd6-b1c98c07abb2}</UniqueIdentifier>
    </Filter>
    <Filter Include="src\Crypto">
      <UniqueIdentifier>{479bb168-a111-459d-98b0-571bb63286ce}</UniqueIdentifier>
    </Filter>
    <Filter Include="src\Wallet">
      <UniqueIdentifier>{41fc6ecb-d31d-454b-8f99-88c6bc74d3fa}</UniqueIdentifier>
    </Filter>
    <Filter Include="src\Script">
      <UniqueIdentifier>{87b3bbae-ac20-43f8-88d1-e52f15042421}</UniqueIdentifier>
    </Filter>
    <Filter Include="src\P2P">
      <UniqueIdentifier>{20fb4c83-4e96-4299-8d4e-39e821ffcfda}</UniqueIdentifier>
    </Filter>
    <Filter Include="src\Utils">
      <UniqueIdentifier>{33ad4de6-c76a-4093-97de-de113016c8bb}</UniqueIdentifier>
    </Filter>
    <Filter Include="include">
      <UniqueIdentifier>{2048495f-a6d6-4156-94b8-aa1a412a9e6f}</UniqueIdentifier>
    </Filter>
    <Filter Include="tests">
      <UniqueIdentifier>{92b976de-310e-4e9e-b7fc-40e21c9dfeff}</UniqueIdentifier>
    </Filter>
    <Filter Include="lib">
      <UniqueIdentifier>{d55d1270-0ba7-49c9-b714-99aaa1469fdf}</UniqueIdentifier>
    </Filter>
  </ItemGroup>
  <ItemGroup>
    <ClCompile Include="src\Core\Block.cpp">
      <Filter>源文件</Filter>
    </ClCompile>
    <ClCompile Include="src\Core\Blockchain.cpp">
      <Filter>源文件</Filter>
    </ClCompile>
    <ClCompile Include="src\Core\Transaction.cpp">
      <Filter>源文件</Filter>
    </ClCompile>
    <ClCompile Include="src\Crypto\Hash.cpp">
      <Filter>源文件</Filter>
    </ClCompile>
    <ClCompile Include="src\Wallet\Wallet.cpp">
      <Filter>源文件</Filter>
    </ClCompile>
    <ClCompile Include="src\main.cpp">
      <Filter>源文件</Filter>
    </ClCompile>
    <ClCompile Include="tests\test_main.cpp">
      <Filter>源文件</Filter>
    </ClCompile>
  </ItemGroup>
  <ItemGroup>
    <ClInclude Include="src\Core\Block.h">
      <Filter>头文件</Filter>
    </ClInclude>
    <ClInclude Include="src\Core\Blockchain.h">
      <Filter>头文件</Filter>
    </ClInclude>
    <ClInclude Include="src\Core\Transaction.h">
      <Filter>头文件</Filter>
    </ClInclude>
    <ClInclude Include="src\Crypto\Hash.h">
      <Filter>头文件</Filter>
    </ClInclude>
    <ClInclude Include="src\Wallet\Wallet.h">
      <Filter>头文件</Filter>
    </ClInclude>
  </ItemGroup>
  <ItemGroup>
    <Text Include="CMakeLists.txt" />
  </ItemGroup>
  <ItemGroup>
    <None Include="RCa40900" />
    <None Include="DevLog_12.10.md" />
    <None Include=".gitignore" />
    <None Include="DevLog.md" />
  </ItemGroup>
</Project>